Microsoft Visual Studio Solution File, Format Version 12.00
# Visual Studio Version 17
VisualStudioVersion = 17.5.2.0
MinimumVisualStudioVersion = 10.0.40219.1
Project("{2150E333-8FDC-42A3-9474-1A3956D46DE8}") = "ASap.Backend", "ASap.Backend", "{31664053-3636-8C65-9F85-2E90E8D1083D}"
EndProject
Project("{FAE04EC0-301F-11D3-BF4B-00C04F79EFBC}") = "MyWebApiProject", "ASap.Backend\MyWebApiProject.csproj", "{DB0A516D-8FAA-AC56-827D-1266EEAC8135}"
EndProject
Global
	GlobalSection(SolutionConfigurationPlatforms) = preSolution
		Debug|Any CPU = Debug|Any CPU
		Release|Any CPU = Release|Any CPU
	EndGlobalSection
	GlobalSection(ProjectConfigurationPlatforms) = postSolution
		{DB0A516D-8FAA-AC56-827D-1266EEAC8135}.Debug|Any CPU.ActiveCfg = Debug|Any CPU
		{DB0A516D-8FAA-AC56-827D-1266EEAC8135}.Debug|Any CPU.Build.0 = Debug|Any CPU
		{DB0A516D-8FAA-AC56-827D-1266EEAC8135}.Release|Any CPU.ActiveCfg = Release|Any CPU
		{DB0A516D-8FAA-AC56-827D-1266EEAC8135}.Release|Any CPU.Build.0 = Release|Any CPU
	EndGlobalSection
	GlobalSection(SolutionProperties) = preSolution
		HideSolutionNode = FALSE
	EndGlobalSection
	GlobalSection(NestedProjects) = preSolution
		{DB0A516D-8FAA-AC56-827D-1266EEAC8135} = {31664053-3636-8C65-9F85-2E90E8D1083D}
	EndGlobalSection
	GlobalSection(ExtensibilityGlobals) = postSolution
		SolutionGuid = {507463E7-4B55-4144-9D3E-642E3CB31976}
	EndGlobalSection
EndGlobal
